github.com/ecc1/ble v0.0.0-20200212212936-536b6b5f4896 h1:IxK6UlTo/tApA7k9JVBDnFtnXXz2g9C5MZ3X3SOOFFc=
github.com/ecc1/ble v0.0.0-20200212212936-536b6b5f4896/go.mod h1:K/DQUk41aLrDDg7QAYkjaxkaMgiCvTvkIRFyuDaOwp8=
github.com/ecc1/nightscout v0.0.0-20200213203029-ed33226ae4c7 h1:1lXPKv8WNil2xfAMQ7B2YaU53j+PNgl8jRVBSw8AGGM=
github.com/ecc1/nightscout v0.0.0-20200213203029-ed33226ae4c7/go.mod h1:DEIYft0t/2xFPBA8hCqRh+ZB1vDk34JdmU4L5gTjDww=
github.com/ecc1/papertrail v0.0.0-20200212224655-fa45b532e302 h1:cBp0+gNgH/QL1YRKkou4b2npjYyDfNnpye9a3GtokPs=
github.com/ecc1/papertrail v0.0.0-20200212224655-fa45b532e302/go.mod h1:z5d0p5KunEQpxL65kHRAfKk9jDaBtSgOUC+hLKEuj+A=
github.com/ecc1/serial v0.0.0-20200212223647-200c4b677936 h1:/2OiB4zKm6XEtyt/jb6YsMu98jENupzpIkYrcQZL/V8=
github.com/ecc1/serial v0.0.0-20200212223647-200c4b677936/go.mod h1:KVFkxgAso8sN1eJDLEh7i5rBNionZKkPS0s8ufr/P7I=
github.com/godbus/dbus/v5 v5.0.3 h1:ZqHaoEF7TBzh4jzPmqVhE/5A1z9of6orkAe5uHoAeME=
github.com/godbus/dbus/v5 v5.0.3/go.mod h1:xhWf0FNVPg57R7Z0UbKHbJfkEywrmjJnf7w5xrFpKfA=
golang.org/x/sys v0.0.0-20200212091648-12a6c2dcc1e4 h1:sfkvUWPNGwSV+8/fNqctR5lS2AqCSqYwXdrjCxp/dXo=
golang.org/x/sys v0.0.0-20200212091648-12a6c2dcc1e4/go.mod h1:h1NjWce9XRLGQEsW7wpKNCjG9DtNlClVuFLEZdDNbEs=
